
Microsoft Visual Studio Solution File, Format Version 12.00
# Visual Studio 2012
Project("{FAE04EC0-301F-11D3-BF4B-00C04F79EFBC}") = "Game", "Game\Game.csproj", "{6EDD9833-84C9-4DB1-8EE0-D7DB12609A6E}"
EndProject
Global
	GlobalSection(SolutionConfigurationPlatforms) = preSolution
		Debug|Any CPU = Debug|Any CPU
		Release|Any CPU = Release|Any CPU
	EndGlobalSection
	GlobalSection(ProjectConfigurationPlatforms) = postSolution
		{6EDD9833-84C9-4DB1-8EE0-D7DB12609A6E}.Debug|Any CPU.ActiveCfg = Debug|Any CPU
		{6EDD9833-84C9-4DB1-8EE0-D7DB12609A6E}.Debug|Any CPU.Build.0 = Debug|Any CPU
		{6EDD9833-84C9-4DB1-8EE0-D7DB12609A6E}.Release|Any CPU.ActiveCfg = Release|Any CPU
		{6EDD9833-84C9-4DB1-8EE0-D7DB12609A6E}.Release|Any CPU.Build.0 = Release|Any CPU
	EndGlobalSection
	GlobalSection(SolutionProperties) = preSolution
		HideSolutionNode = FALSE
	EndGlobalSection
EndGlobal
